
Microsoft Visual Studio Solution File, Format Version 12.00
# Visual Studio 14
VisualStudioVersion = 14.0.25420.1
MinimumVisualStudioVersion = 10.0.40219.1
Project("{FAE04EC0-301F-11D3-BF4B-00C04F79EFBC}") = "XMLMoveTool", "XMLMoveTool\XMLMoveTool.csproj", "{A8E4D51F-A496-4E53-BA3A-6640D16C5645}"
EndProject
Project("{FAE04EC0-301F-11D3-BF4B-00C04F79EFBC}") = "TestRoWMover", "TestRoWMover\TestRoWMover.csproj", "{80703A52-1B08-40A7-B200-F1ACE3660260}"
EndProject
Global
	GlobalSection(SolutionConfigurationPlatforms) = preSolution
		Debug|Any CPU = Debug|Any CPU
		Release|Any CPU = Release|Any CPU
	EndGlobalSection
	GlobalSection(ProjectConfigurationPlatforms) = postSolution
		{A8E4D51F-A496-4E53-BA3A-6640D16C5645}.Debug|Any CPU.ActiveCfg = Debug|Any CPU
		{A8E4D51F-A496-4E53-BA3A-6640D16C5645}.Debug|Any CPU.Build.0 = Debug|Any CPU
		{A8E4D51F-A496-4E53-BA3A-6640D16C5645}.Release|Any CPU.ActiveCfg = Release|Any CPU
		{A8E4D51F-A496-4E53-BA3A-6640D16C5645}.Release|Any CPU.Build.0 = Release|Any CPU
		{80703A52-1B08-40A7-B200-F1ACE3660260}.Debug|Any CPU.ActiveCfg = Debug|Any CPU
		{80703A52-1B08-40A7-B200-F1ACE3660260}.Debug|Any CPU.Build.0 = Debug|Any CPU
		{80703A52-1B08-40A7-B200-F1ACE3660260}.Release|Any CPU.ActiveCfg = Release|Any CPU
		{80703A52-1B08-40A7-B200-F1ACE3660260}.Release|Any CPU.Build.0 = Release|Any CPU
	EndGlobalSection
	GlobalSection(SolutionProperties) = preSolution
		HideSolutionNode = FALSE
	EndGlobalSection
EndGlobal
